{
  "requires": true,
  "lockfileVersion": 1,
  "dependencies": {
    "sevenflow-demo": {
      "version": "1.0.0",
      "resolved": "https://registry.npmjs.org/sevenflow-demo/-/sevenflow-demo-1.0.0.tgz",
      "integrity": "sha512-24+rKDUunBbF42VTIyE3mSJdFBAleQSHCiGZ9iKCtDOt93RUAxDWhqjWj/aVNTO5n7t6O+GfXTF13CT3RvuZEg=="
    }
  }
}
